# THIS IS AN AUTOGENERATED FILE. DO NOT EDIT THIS FILE DIRECTLY.
# yarn lockfile v1


fancy-canvas@0.2.2:
  version "0.2.2"
  resolved "https://registry.yarnpkg.com/fancy-canvas/-/fancy-canvas-0.2.2.tgz#33fd4976724169a1eda5015f515a2a1302d1ec91"
  integrity sha512-50qi8xA0QkHbjmb8h7XQ6k2fvD7y/yMfiUw9YTarJ7rWrq6o5/3CCXPouYk+XSLASvvxtjyiQLRBFt3qkE3oyA==

lightweight-charts@^3.7.0:
  version "3.7.0"
  resolved "https://registry.yarnpkg.com/lightweight-charts/-/lightweight-charts-3.7.0.tgz#2be03fb9a1296bbe9804b386d8d9270de9d3ea1e"
  integrity sha512-OFPdU4kRtgqHrzi+O86MxBPwbbMsdKRiAQm5nM14/iwN7BJRqWmrdT7uCGnP6+pU8rm3sxjZwMyL8dX0eaQnvQ==
  dependencies:
    fancy-canvas "0.2.2"
